
Microsoft Visual Studio Solution File, Format Version 12.00
# Visual Studio 2013
VisualStudioVersion = 12.0.30501.0
MinimumVisualStudioVersion = 10.0.40219.1
Project("{FAE04EC0-301F-11D3-BF4B-00C04F79EFBC}") = "DevHttpClientRepositoryParser", "DevHttpClientRepositoryParser\DevHttpClientRepositoryParser.csproj", "{D2D90DB6-84ED-4872-9FE1-9AAE9981B8EF}"
EndProject
Project("{FAE04EC0-301F-11D3-BF4B-00C04F79EFBC}") = "DevHttpClientRepositoryParser.Specifications", "DevHttpClientRepositoryParser.Specifications\DevHttpClientRepositoryParser.Specifications.csproj", "{4FAE4BF3-E82F-423C-A692-6D8CD0C26156}"
EndProject
Global
	GlobalSection(SolutionConfigurationPlatforms) = preSolution
		Debug|Any CPU = Debug|Any CPU
		Release|Any CPU = Release|Any CPU
	EndGlobalSection
	GlobalSection(ProjectConfigurationPlatforms) = postSolution
		{D2D90DB6-84ED-4872-9FE1-9AAE9981B8EF}.Debug|Any CPU.ActiveCfg = Debug|Any CPU
		{D2D90DB6-84ED-4872-9FE1-9AAE9981B8EF}.Debug|Any CPU.Build.0 = Debug|Any CPU
		{D2D90DB6-84ED-4872-9FE1-9AAE9981B8EF}.Release|Any CPU.ActiveCfg = Release|Any CPU
		{D2D90DB6-84ED-4872-9FE1-9AAE9981B8EF}.Release|Any CPU.Build.0 = Release|Any CPU
		{4FAE4BF3-E82F-423C-A692-6D8CD0C26156}.Debug|Any CPU.ActiveCfg = Debug|Any CPU
		{4FAE4BF3-E82F-423C-A692-6D8CD0C26156}.Debug|Any CPU.Build.0 = Debug|Any CPU
		{4FAE4BF3-E82F-423C-A692-6D8CD0C26156}.Release|Any CPU.ActiveCfg = Release|Any CPU
		{4FAE4BF3-E82F-423C-A692-6D8CD0C26156}.Release|Any CPU.Build.0 = Release|Any CPU
	EndGlobalSection
	GlobalSection(SolutionProperties) = preSolution
		HideSolutionNode = FALSE
	EndGlobalSection
EndGlobal
